
Microsoft Visual Studio Solution File, Format Version 12.00
# Visual Studio Version 17
VisualStudioVersion = 17.4.33205.214
MinimumVisualStudioVersion = 10.0.40219.1
Project("{9A19103F-16F7-4668-BE54-9A1E7A4F7556}") = "EfCore.CompiledQuery.Benchmark", "EfCore.CompiledQuery.Benchmark.csproj", "{02ECD6AE-6A0B-48C2-80FB-C3B75875398D}"
EndProject
Global
	GlobalSection(SolutionConfigurationPlatforms) = preSolution
		Debug|Any CPU = Debug|Any CPU
		Release|Any CPU = Release|Any CPU
	EndGlobalSection
	GlobalSection(ProjectConfigurationPlatforms) = postSolution
		{02ECD6AE-6A0B-48C2-80FB-C3B75875398D}.Debug|Any CPU.ActiveCfg = Debug|Any CPU
		{02ECD6AE-6A0B-48C2-80FB-C3B75875398D}.Debug|Any CPU.Build.0 = Debug|Any CPU
		{02ECD6AE-6A0B-48C2-80FB-C3B75875398D}.Release|Any CPU.ActiveCfg = Release|Any CPU
		{02ECD6AE-6A0B-48C2-80FB-C3B75875398D}.Release|Any CPU.Build.0 = Release|Any CPU
	EndGlobalSection
	GlobalSection(SolutionProperties) = preSolution
		HideSolutionNode = FALSE
	EndGlobalSection
	GlobalSection(ExtensibilityGlobals) = postSolution
		SolutionGuid = {BFC15CF8-E400-4F0A-86A5-4393E996EE7C}
	EndGlobalSection
EndGlobal
